
Microsoft Visual Studio Solution File, Format Version 12.00
# Visual Studio Version 16
VisualStudioVersion = 16.0.31105.61
MinimumVisualStudioVersion = 10.0.40219.1
Project("{FAE04EC0-301F-11D3-BF4B-00C04F79EFBC}") = "Listview20bilp0025", "Listview20bilp0025\Listview20bilp0025.csproj", "{E2E1C5E0-D9E4-46FD-8A9F-166DA16ECFFA}"
EndProject
Global
	GlobalSection(SolutionConfigurationPlatforms) = preSolution
		Debug|Any CPU = Debug|Any CPU
		Release|Any CPU = Release|Any CPU
	EndGlobalSection
	GlobalSection(ProjectConfigurationPlatforms) = postSolution
		{E2E1C5E0-D9E4-46FD-8A9F-166DA16ECFFA}.Debug|Any CPU.ActiveCfg = Debug|Any CPU
		{E2E1C5E0-D9E4-46FD-8A9F-166DA16ECFFA}.Debug|Any CPU.Build.0 = Debug|Any CPU
		{E2E1C5E0-D9E4-46FD-8A9F-166DA16ECFFA}.Release|Any CPU.ActiveCfg = Release|Any CPU
		{E2E1C5E0-D9E4-46FD-8A9F-166DA16ECFFA}.Release|Any CPU.Build.0 = Release|Any CPU
	EndGlobalSection
	GlobalSection(SolutionProperties) = preSolution
		HideSolutionNode = FALSE
	EndGlobalSection
	GlobalSection(ExtensibilityGlobals) = postSolution
		SolutionGuid = {84F8A0C7-6661-469D-964F-CC93A3C5792F}
	EndGlobalSection
EndGlobal
